<?xml version="1.0" encoding="utf-8"?>
<Project ToolsVersion="4.0" xmlns="http://schemas.microsoft.com/developer/msbuild/2003">
  <ItemGroup>
    <Filter Include="Source Files">
      <UniqueIdentifier>{4FC737F1-C7A5-4376-A066-2A32D752A2FF}</UniqueIdentifier>
      <Extensions>cpp;c;cc;cxx;def;odl;idl;hpj;bat;asm;asmx</Extensions>
    </Filter>
    <Filter Include="Header Files">
      <UniqueIdentifier>{93995380-89BD-4b04-88EB-625FBE52EBFB}</UniqueIdentifier>
      <Extensions>h;hpp;hxx;hm;inl;inc;xsd</Extensions>
    </Filter>
    <Filter Include="common">
      <UniqueIdentifier>{bbd98850-a358-49fa-8e72-9edc46b3da23}</UniqueIdentifier>
    </Filter>
  </ItemGroup>
  <ItemGroup>
    <ClCompile Include="br_com_hst_ptr_SP_PTR_PR1000.cpp">
      <Filter>Source Files</Filter>
    </ClCompile>
    <ClCompile Include="..\source\CDeviceCommands.cpp">
      <Filter>Source Files</Filter>
    </ClCompile>
    <ClCompile Include="..\source\CEFTMFPTR.cpp">
      <Filter>Source Files</Filter>
    </ClCompile>
    <ClCompile Include="..\source\CObjectContainer.cpp">
      <Filter>Source Files</Filter>
    </ClCompile>
    <ClCompile Include="..\source\CUSBPrinterComm-01.cpp">
      <Filter>Source Files</Filter>
    </ClCompile>
    <ClCompile Include="..\source\CUSBPrinterComm-10.cpp">
      <Filter>Source Files</Filter>
    </ClCompile>
    <ClCompile Include="..\common\CBasicString.cpp">
      <Filter>common</Filter>
    </ClCompile>
    <ClCompile Include="..\common\CBasicStringList.cpp">
      <Filter>common</Filter>
    </ClCompile>
    <ClCompile Include="..\common\CBuffer.cpp">
      <Filter>common</Filter>
    </ClCompile>
    <ClCompile Include="..\common\clogger.cpp">
      <Filter>common</Filter>
    </ClCompile>
    <ClCompile Include="..\common\CMutex.cpp">
      <Filter>common</Filter>
    </ClCompile>
    <ClCompile Include="..\common\CTimeUtils.cpp">
      <Filter>common</Filter>
    </ClCompile>
  </ItemGroup>
  <ItemGroup>
    <None Include="defs.def">
      <Filter>Source Files</Filter>
    </None>
  </ItemGroup>
  <ItemGroup>
    <ClInclude Include="..\include\br_com_hst_ptr_SP_PTR_PR1000.h">
      <Filter>Header Files</Filter>
    </ClInclude>
    <ClInclude Include="..\include\CDeviceCommands.h">
      <Filter>Header Files</Filter>
    </ClInclude>
    <ClInclude Include="..\include\CEFTMF.h">
      <Filter>Header Files</Filter>
    </ClInclude>
    <ClInclude Include="..\include\CEFTMFPTR.h">
      <Filter>Header Files</Filter>
    </ClInclude>
    <ClInclude Include="..\include\CObjectContainer.h">
      <Filter>Header Files</Filter>
    </ClInclude>
    <ClInclude Include="..\include\CUSBPrinterComm-01.h">
      <Filter>Header Files</Filter>
    </ClInclude>
    <ClInclude Include="..\include\CUSBPrinterComm-10.h">
      <Filter>Header Files</Filter>
    </ClInclude>
    <ClInclude Include="..\include\PTRConstants.h">
      <Filter>Header Files</Filter>
    </ClInclude>
    <ClInclude Include="..\common\CBasicString.h">
      <Filter>common</Filter>
    </ClInclude>
    <ClInclude Include="..\common\CBasicStringList.h">
      <Filter>common</Filter>
    </ClInclude>
    <ClInclude Include="..\common\CBuffer.h">
      <Filter>common</Filter>
    </ClInclude>
    <ClInclude Include="..\common\clogger.h">
      <Filter>common</Filter>
    </ClInclude>
    <ClInclude Include="..\common\CMutex.h">
      <Filter>common</Filter>
    </ClInclude>
    <ClInclude Include="..\common\CTimeUtils.h">
      <Filter>common</Filter>
    </ClInclude>
  </ItemGroup>
</Project>